{
  "requires": true,
  "lockfileVersion": 1,
  "dependencies": {
    "fs-readfile-promise": {
      "version": "3.0.1",
      "resolved": "https://registry.npmjs.org/fs-readfile-promise/-/fs-readfile-promise-3.0.1.tgz",
      "integrity": "sha512-LsSxMeaJdYH27XrW7Dmq0Gx63mioULCRel63B5VeELYLavi1wF5s0XfsIdKDFdCL9hsfQ2qBvXJszQtQJ9h17A==",
      "requires": {
        "graceful-fs": "^4.1.11"
      }
    },
    "graceful-fs": {
      "version": "4.2.4",
      "resolved": "https://registry.npmjs.org/graceful-fs/-/graceful-fs-4.2.4.tgz",
      "integrity": "sha512-WjKPNJF79dtJAVniUlGGWHYGz2jWxT6VhN/4m1NdkbZ2nOsEF+cI1Edgql5zCRhs/VsQYRvrXctxktVXZUkixw=="
    }
  }
}
